// !$*UTF8*$!
{
	archiveVersion = 1;
	classes = {
	};
	objectVersion = 56;
	objects = {

/* Begin PBXBuildFile section */
		FC817845A6D0 /* Achievement.swift in Sources */ = {isa = PBXBuildFile; fileRef = AC62394073D3 /* Achievement.swift */; };
		062453C3768E /* AchievementManager.swift in Sources */ = {isa = PBXBuildFile; fileRef = ECE6D3D8C957 /* AchievementManager.swift */; };
		6CDCEC0F9CB6 /* ClickUpgrade.swift in Sources */ = {isa = PBXBuildFile; fileRef = 5070C319CC8F /* ClickUpgrade.swift */; };
		F3F5F31ADE04 /* Generator.swift in Sources */ = {isa = PBXBuildFile; fileRef = 1D23C9C618DF /* Generator.swift */; };
		43537D324E8A /* PrestigeManager.swift in Sources */ = {isa = PBXBuildFile; fileRef = 5AE212ACD84E /* PrestigeManager.swift */; };
		A179B9C56F96 /* Settings.swift in Sources */ = {isa = PBXBuildFile; fileRef = 182968A33959 /* Settings.swift */; };
		61A173DAB8DC /* SpaceMiningEmpireApp.swift in Sources */ = {isa = PBXBuildFile; fileRef = 48CF989B3F50 /* SpaceMiningEmpireApp.swift */; };
		E830A75206CE /* NumberFormatter+Extensions.swift in Sources */ = {isa = PBXBuildFile; fileRef = 662A3C81A8ED /* NumberFormatter+Extensions.swift */; };
		BDEFA997BB90 /* GameViewModel.swift in Sources */ = {isa = PBXBuildFile; fileRef = 846F52476F6F /* GameViewModel.swift */; };
		D18F14909FCB /* AchievementsView.swift in Sources */ = {isa = PBXBuildFile; fileRef = 1FB60BE28FCB /* AchievementsView.swift */; };
		C82EAF11DC9C /* ClickUpgradeRowView.swift in Sources */ = {isa = PBXBuildFile; fileRef = 4A896C12CE25 /* ClickUpgradeRowView.swift */; };
		970BC4DB86D0 /* GameView.swift in Sources */ = {isa = PBXBuildFile; fileRef = E7DD61BBC2EE /* GameView.swift */; };
		56FD33BD06D5 /* GeneratorRowView.swift in Sources */ = {isa = PBXBuildFile; fileRef = 7F81EFF8C5D9 /* GeneratorRowView.swift */; };
		426DDE57A8FB /* NumberCounterView.swift in Sources */ = {isa = PBXBuildFile; fileRef = 7EE617D630FE /* NumberCounterView.swift */; };
		19767CF3C16E /* OfflineEarningsView.swift in Sources */ = {isa = PBXBuildFile; fileRef = AFE1A61D893D /* OfflineEarningsView.swift */; };
		F904193DE32A /* PrestigeView.swift in Sources */ = {isa = PBXBuildFile; fileRef = 5340A403A981 /* PrestigeView.swift */; };
		A37216D175D0 /* PurchaseCelebrationView.swift in Sources */ = {isa = PBXBuildFile; fileRef = 57AE50021CB3 /* PurchaseCelebrationView.swift */; };
		FA68DAF208E7 /* SettingsView.swift in Sources */ = {isa = PBXBuildFile; fileRef = 7E50B03DF9DD /* SettingsView.swift */; };
		E5071AADDD55 /* StarfieldView.swift in Sources */ = {isa = PBXBuildFile; fileRef = 24757AC0CF80 /* StarfieldView.swift */; };
		D2A75972810F /* StatCardView.swift in Sources */ = {isa = PBXBuildFile; fileRef = 719E28F90DA7 /* StatCardView.swift */; };
		AB779AC7639F /* StatsView.swift in Sources */ = {isa = PBXBuildFile; fileRef = D563BA970EA4 /* StatsView.swift */; };
		4188B7E60CBD /* TapButton.swift in Sources */ = {isa = PBXBuildFile; fileRef = 11E4B7F9E12E /* TapButton.swift */; };
		9FC9D4C51B80 /* TutorialView.swift in Sources */ = {isa = PBXBuildFile; fileRef = 33F01EC8C288 /* TutorialView.swift */; };
/* End PBXBuildFile section */

/* Begin PBXFileReference section */
		B7B7E2C301FF /* SpaceMiningEmpire.app */ = {isa = PBXFileReference; explicitFileType = wrapper.application; includeInIndex = 0; path = SpaceMiningEmpire.app; sourceTree = BUILT_PRODUCTS_DIR; };
		AC62394073D3 /* Achievement.swift */ = {isa = PBXFileReference; lastKnownFileType = sourcecode.swift; path = Achievement.swift; sourceTree = "<group>"; };
		ECE6D3D8C957 /* AchievementManager.swift */ = {isa = PBXFileReference; lastKnownFileType = sourcecode.swift; path = AchievementManager.swift; sourceTree = "<group>"; };
		5070C319CC8F /* ClickUpgrade.swift */ = {isa = PBXFileReference; lastKnownFileType = sourcecode.swift; path = ClickUpgrade.swift; sourceTree = "<group>"; };
		1D23C9C618DF /* Generator.swift */ = {isa = PBXFileReference; lastKnownFileType = sourcecode.swift; path = Generator.swift; sourceTree = "<group>"; };
		5AE212ACD84E /* PrestigeManager.swift */ = {isa = PBXFileReference; lastKnownFileType = sourcecode.swift; path = PrestigeManager.swift; sourceTree = "<group>"; };
		182968A33959 /* Settings.swift */ = {isa = PBXFileReference; lastKnownFileType = sourcecode.swift; path = Settings.swift; sourceTree = "<group>"; };
		48CF989B3F50 /* SpaceMiningEmpireApp.swift */ = {isa = PBXFileReference; lastKnownFileType = sourcecode.swift; path = SpaceMiningEmpireApp.swift; sourceTree = "<group>"; };
		662A3C81A8ED /* NumberFormatter+Extensions.swift */ = {isa = PBXFileReference; lastKnownFileType = sourcecode.swift; path = NumberFormatter+Extensions.swift; sourceTree = "<group>"; };
		846F52476F6F /* GameViewModel.swift */ = {isa = PBXFileReference; lastKnownFileType = sourcecode.swift; path = GameViewModel.swift; sourceTree = "<group>"; };
		1FB60BE28FCB /* AchievementsView.swift */ = {isa = PBXFileReference; lastKnownFileType = sourcecode.swift; path = AchievementsView.swift; sourceTree = "<group>"; };
		4A896C12CE25 /* ClickUpgradeRowView.swift */ = {isa = PBXFileReference; lastKnownFileType = sourcecode.swift; path = ClickUpgradeRowView.swift; sourceTree = "<group>"; };
		E7DD61BBC2EE /* GameView.swift */ = {isa = PBXFileReference; lastKnownFileType = sourcecode.swift; path = GameView.swift; sourceTree = "<group>"; };
		7F81EFF8C5D9 /* GeneratorRowView.swift */ = {isa = PBXFileReference; lastKnownFileType = sourcecode.swift; path = GeneratorRowView.swift; sourceTree = "<group>"; };
		7EE617D630FE /* NumberCounterView.swift */ = {isa = PBXFileReference; lastKnownFileType = sourcecode.swift; path = NumberCounterView.swift; sourceTree = "<group>"; };
		AFE1A61D893D /* OfflineEarningsView.swift */ = {isa = PBXFileReference; lastKnownFileType = sourcecode.swift; path = OfflineEarningsView.swift; sourceTree = "<group>"; };
		5340A403A981 /* PrestigeView.swift */ = {isa = PBXFileReference; lastKnownFileType = sourcecode.swift; path = PrestigeView.swift; sourceTree = "<group>"; };
		57AE50021CB3 /* PurchaseCelebrationView.swift */ = {isa = PBXFileReference; lastKnownFileType = sourcecode.swift; path = PurchaseCelebrationView.swift; sourceTree = "<group>"; };
		7E50B03DF9DD /* SettingsView.swift */ = {isa = PBXFileReference; lastKnownFileType = sourcecode.swift; path = SettingsView.swift; sourceTree = "<group>"; };
		24757AC0CF80 /* StarfieldView.swift */ = {isa = PBXFileReference; lastKnownFileType = sourcecode.swift; path = StarfieldView.swift; sourceTree = "<group>"; };
		719E28F90DA7 /* StatCardView.swift */ = {isa = PBXFileReference; lastKnownFileType = sourcecode.swift; path = StatCardView.swift; sourceTree = "<group>"; };
		D563BA970EA4 /* StatsView.swift */ = {isa = PBXFileReference; lastKnownFileType = sourcecode.swift; path = StatsView.swift; sourceTree = "<group>"; };
		11E4B7F9E12E /* TapButton.swift */ = {isa = PBXFileReference; lastKnownFileType = sourcecode.swift; path = TapButton.swift; sourceTree = "<group>"; };
		33F01EC8C288 /* TutorialView.swift */ = {isa = PBXFileReference; lastKnownFileType = sourcecode.swift; path = TutorialView.swift; sourceTree = "<group>"; };
/* End PBXFileReference section */

/* Begin PBXFrameworksBuildPhase section */
		CBF83A5B644C /* Frameworks */ = {
			isa = PBXFrameworksBuildPhase;
			buildActionMask = 2147483647;
			files = (
			);
			runOnlyForDeploymentPostprocessing = 0;
		};
/* End PBXFrameworksBuildPhase section */

/* Begin PBXGroup section */
		40E8E2C43F93 = {
			isa = PBXGroup;
			children = (
				6A2FB871B583 /* SpaceMiningEmpire */,
				CCC6BDFE7B9B /* Products */,
			);
			sourceTree = "<group>";
		};
		CCC6BDFE7B9B /* Products */ = {
			isa = PBXGroup;
			children = (
				B7B7E2C301FF /* SpaceMiningEmpire.app */,
			);
			name = Products;
			sourceTree = "<group>";
		};
		6A2FB871B583 /* SpaceMiningEmpire */ = {
			isa = PBXGroup;
			children = (
				48CF989B3F50 /* SpaceMiningEmpireApp.swift */,
				4EA02D33814D /* Models */,
				1B09ED8E8306 /* Utilities */,
				232D8617D20F /* ViewModels */,
				D5E1531DEF4C /* Views */,
			);
			path = SpaceMiningEmpire;
			sourceTree = "<group>";
		};
		4EA02D33814D /* Models */ = {
			isa = PBXGroup;
			children = (
				AC62394073D3 /* Achievement.swift */,
				ECE6D3D8C957 /* AchievementManager.swift */,
				5070C319CC8F /* ClickUpgrade.swift */,
				1D23C9C618DF /* Generator.swift */,
				5AE212ACD84E /* PrestigeManager.swift */,
				182968A33959 /* Settings.swift */,
			);
			path = Models;
			sourceTree = "<group>";
		};
		1B09ED8E8306 /* Utilities */ = {
			isa = PBXGroup;
			children = (
				662A3C81A8ED /* NumberFormatter+Extensions.swift */,
			);
			path = Utilities;
			sourceTree = "<group>";
		};
		232D8617D20F /* ViewModels */ = {
			isa = PBXGroup;
			children = (
				846F52476F6F /* GameViewModel.swift */,
			);
			path = ViewModels;
			sourceTree = "<group>";
		};
		D5E1531DEF4C /* Views */ = {
			isa = PBXGroup;
			children = (
				1FB60BE28FCB /* AchievementsView.swift */,
				4A896C12CE25 /* ClickUpgradeRowView.swift */,
				E7DD61BBC2EE /* GameView.swift */,
				7F81EFF8C5D9 /* GeneratorRowView.swift */,
				7EE617D630FE /* NumberCounterView.swift */,
				AFE1A61D893D /* OfflineEarningsView.swift */,
				5340A403A981 /* PrestigeView.swift */,
				57AE50021CB3 /* PurchaseCelebrationView.swift */,
				7E50B03DF9DD /* SettingsView.swift */,
				24757AC0CF80 /* StarfieldView.swift */,
				719E28F90DA7 /* StatCardView.swift */,
				D563BA970EA4 /* StatsView.swift */,
				11E4B7F9E12E /* TapButton.swift */,
				33F01EC8C288 /* TutorialView.swift */,
			);
			path = Views;
			sourceTree = "<group>";
		};
/* End PBXGroup section */

/* Begin PBXNativeTarget section */
		2645224522E5 /* SpaceMiningEmpire */ = {
			isa = PBXNativeTarget;
			buildConfigurationList = 18F805931EBC /* Build configuration list for PBXNativeTarget "SpaceMiningEmpire" */;
			buildPhases = (
				0E7A2B8215C7 /* Sources */,
				CBF83A5B644C /* Frameworks */,
				B90B08B77A39 /* Resources */,
			);
			buildRules = (
			);
			dependencies = (
			);
			name = SpaceMiningEmpire;
			productName = SpaceMiningEmpire;
			productReference = B7B7E2C301FF /* SpaceMiningEmpire.app */;
			productType = "com.apple.product-type.application";
		};
/* End PBXNativeTarget section */

/* Begin PBXProject section */
		40E8E2C43F93 /* Project object */ = {
			isa = PBXProject;
			attributes = {
				BuildIndependentTargetsInParallel = 1;
				LastSwiftUpdateCheck = 1500;
				LastUpgradeCheck = 1500;
				TargetAttributes = {
					2645224522E5 = {
						CreatedOnToolsVersion = 15.0;
					};
				};
			};
			buildConfigurationList = 1A23B94C4BDD /* Build configuration list for PBXProject "SpaceMiningEmpire" */;
			compatibilityVersion = "Xcode 14.0";
			developmentRegion = en;
			hasScannedForEncodings = 0;
			knownRegions = (
				en,
				Base,
			);
			mainGroup = 40E8E2C43F93;
			productRefGroup = CCC6BDFE7B9B /* Products */;
			projectDirPath = "";
			projectRoot = "";
			targets = (
				2645224522E5 /* SpaceMiningEmpire */,
			);
		};
/* End PBXProject section */

/* Begin PBXResourcesBuildPhase section */
		B90B08B77A39 /* Resources */ = {
			isa = PBXResourcesBuildPhase;
			buildActionMask = 2147483647;
			files = (
			);
			runOnlyForDeploymentPostprocessing = 0;
		};
/* End PBXResourcesBuildPhase section */

/* Begin PBXSourcesBuildPhase section */
		0E7A2B8215C7 /* Sources */ = {
			isa = PBXSourcesBuildPhase;
			buildActionMask = 2147483647;
			files = (
				FC817845A6D0 /* Achievement.swift in Sources */,
				062453C3768E /* AchievementManager.swift in Sources */,
				6CDCEC0F9CB6 /* ClickUpgrade.swift in Sources */,
				F3F5F31ADE04 /* Generator.swift in Sources */,
				43537D324E8A /* PrestigeManager.swift in Sources */,
				A179B9C56F96 /* Settings.swift in Sources */,
				61A173DAB8DC /* SpaceMiningEmpireApp.swift in Sources */,
				E830A75206CE /* NumberFormatter+Extensions.swift in Sources */,
				BDEFA997BB90 /* GameViewModel.swift in Sources */,
				D18F14909FCB /* AchievementsView.swift in Sources */,
				C82EAF11DC9C /* ClickUpgradeRowView.swift in Sources */,
				970BC4DB86D0 /* GameView.swift in Sources */,
				56FD33BD06D5 /* GeneratorRowView.swift in Sources */,
				426DDE57A8FB /* NumberCounterView.swift in Sources */,
				19767CF3C16E /* OfflineEarningsView.swift in Sources */,
				F904193DE32A /* PrestigeView.swift in Sources */,
				A37216D175D0 /* PurchaseCelebrationView.swift in Sources */,
				FA68DAF208E7 /* SettingsView.swift in Sources */,
				E5071AADDD55 /* StarfieldView.swift in Sources */,
				D2A75972810F /* StatCardView.swift in Sources */,
				AB779AC7639F /* StatsView.swift in Sources */,
				4188B7E60CBD /* TapButton.swift in Sources */,
				9FC9D4C51B80 /* TutorialView.swift in Sources */,
			);
			runOnlyForDeploymentPostprocessing = 0;
		};
/* End PBXSourcesBuildPhase section */

/* Begin XCBuildConfiguration section */
		C27FBB9B4CE2 /* Debug */ = {
			isa = XCBuildConfiguration;
			buildSettings = {
				ALWAYS_SEARCH_USER_PATHS = NO;
				ASSETCATALOG_COMPILER_GENERATE_SWIFT_ASSET_SYMBOL_EXTENSIONS = YES;
				CLANG_ANALYZER_NONNULL = YES;
				CLANG_ANALYZER_NUMBER_OBJECT_CONVERSION = YES_AGGRESSIVE;
				CLANG_CXX_LANGUAGE_STANDARD = "gnu++20";
				CLANG_ENABLE_MODULES = YES;
				CLANG_ENABLE_OBJC_ARC = YES;
				CLANG_ENABLE_OBJC_WEAK = YES;
				CLANG_WARN_BLOCK_CAPTURE_AUTORELEASING = YES;
				CLANG_WARN_BOOL_CONVERSION = YES;
				CLANG_WARN_COMMA = YES;
				CLANG_WARN_CONSTANT_CONVERSION = YES;
				CLANG_WARN_DEPRECATED_OBJC_IMPLEMENTATIONS = YES;
				CLANG_WARN_DIRECT_OBJC_ISA_USAGE = YES_ERROR;
				CLANG_WARN_DOCUMENTATION_COMMENTS = YES;
				CLANG_WARN_EMPTY_BODY = YES;
				CLANG_WARN_ENUM_CONVERSION = YES;
				CLANG_WARN_INFINITE_RECURSION = YES;
				CLANG_WARN_INT_CONVERSION = YES;
				CLANG_WARN_NON_LITERAL_NULL_CONVERSION = YES;
				CLANG_WARN_OBJC_IMPLICIT_RETAIN_SELF = YES;
				CLANG_WARN_OBJC_LITERAL_CONVERSION = YES;
				CLANG_WARN_OBJC_ROOT_CLASS = YES_ERROR;
				CLANG_WARN_QUOTED_INCLUDE_IN_FRAMEWORK_HEADER = YES;
				CLANG_WARN_RANGE_LOOP_ANALYSIS = YES;
				CLANG_WARN_STRICT_PROTOTYPES = YES;
				CLANG_WARN_SUSPICIOUS_MOVE = YES;
				CLANG_WARN_UNGUARDED_AVAILABILITY = YES_AGGRESSIVE;
				CLANG_WARN_UNREACHABLE_CODE = YES;
				CLANG_WARN__DUPLICATE_METHOD_MATCH = YES;
				COPY_PHASE_STRIP = NO;
				DEBUG_INFORMATION_FORMAT = dwarf;
				ENABLE_STRICT_OBJC_MSGSEND = YES;
				ENABLE_TESTABILITY = YES;
				ENABLE_USER_SCRIPT_SANDBOXING = YES;
				GCC_C_LANGUAGE_STANDARD = gnu17;
				GCC_DYNAMIC_NO_PIC = NO;
				GCC_NO_COMMON_BLOCKS = YES;
				GCC_OPTIMIZATION_LEVEL = 0;
				GCC_PREPROCESSOR_DEFINITIONS = (
					"DEBUG=1",
					"$(inherited)",
				);
				GCC_WARN_64_TO_32_BIT_CONVERSION = YES;
				GCC_WARN_ABOUT_RETURN_TYPE = YES_ERROR;
				GCC_WARN_UNDECLARED_SELECTOR = YES;
				GCC_WARN_UNINITIALIZED_AUTOS = YES_AGGRESSIVE;
				GCC_WARN_UNUSED_FUNCTION = YES;
				GCC_WARN_UNUSED_VARIABLE = YES;
				IPHONEOS_DEPLOYMENT_TARGET = 16.0;
				LOCALIZATION_PREFERS_STRING_CATALOGS = YES;
				MTL_ENABLE_DEBUG_INFO = INCLUDE_SOURCE;
				MTL_FAST_MATH = YES;
				ONLY_ACTIVE_ARCH = YES;
				SDKROOT = iphoneos;
				SWIFT_ACTIVE_COMPILATION_CONDITIONS = "DEBUG $(inherited)";
				SWIFT_OPTIMIZATION_LEVEL = "-Onone";
			};
			name = Debug;
		};
		71E9A44F976F /* Release */ = {
			isa = XCBuildConfiguration;
			buildSettings = {
				ALWAYS_SEARCH_USER_PATHS = NO;
				ASSETCATALOG_COMPILER_GENERATE_SWIFT_ASSET_SYMBOL_EXTENSIONS = YES;
				CLANG_ANALYZER_NONNULL = YES;
				CLANG_ANALYZER_NUMBER_OBJECT_CONVERSION = YES_AGGRESSIVE;
				CLANG_CXX_LANGUAGE_STANDARD = "gnu++20";
				CLANG_ENABLE_MODULES = YES;
				CLANG_ENABLE_OBJC_ARC = YES;
				CLANG_ENABLE_OBJC_WEAK = YES;
				CLANG_WARN_BLOCK_CAPTURE_AUTORELEASING = YES;
				CLANG_WARN_BOOL_CONVERSION = YES;
				CLANG_WARN_COMMA = YES;
				CLANG_WARN_CONSTANT_CONVERSION = YES;
				CLANG_WARN_DEPRECATED_OBJC_IMPLEMENTATIONS = YES;
				CLANG_WARN_DIRECT_OBJC_ISA_USAGE = YES_ERROR;
				CLANG_WARN_DOCUMENTATION_COMMENTS = YES;
				CLANG_WARN_EMPTY_BODY = YES;
				CLANG_WARN_ENUM_CONVERSION = YES;
				CLANG_WARN_INFINITE_RECURSION = YES;
				CLANG_WARN_INT_CONVERSION = YES;
				CLANG_WARN_NON_LITERAL_NULL_CONVERSION = YES;
				CLANG_WARN_OBJC_IMPLICIT_RETAIN_SELF = YES;
				CLANG_WARN_OBJC_LITERAL_CONVERSION = YES;
				CLANG_WARN_OBJC_ROOT_CLASS = YES_ERROR;
				CLANG_WARN_QUOTED_INCLUDE_IN_FRAMEWORK_HEADER = YES;
				CLANG_WARN_RANGE_LOOP_ANALYSIS = YES;
				CLANG_WARN_STRICT_PROTOTYPES = YES;
				CLANG_WARN_SUSPICIOUS_MOVE = YES;
				CLANG_WARN_UNGUARDED_AVAILABILITY = YES_AGGRESSIVE;
				CLANG_WARN_UNREACHABLE_CODE = YES;
				CLANG_WARN__DUPLICATE_METHOD_MATCH = YES;
				COPY_PHASE_STRIP = NO;
				DEBUG_INFORMATION_FORMAT = "dwarf-with-dsym";
				ENABLE_NS_ASSERTIONS = NO;
				ENABLE_STRICT_OBJC_MSGSEND = YES;
				ENABLE_USER_SCRIPT_SANDBOXING = YES;
				GCC_C_LANGUAGE_STANDARD = gnu17;
				GCC_NO_COMMON_BLOCKS = YES;
				GCC_WARN_64_TO_32_BIT_CONVERSION = YES;
				GCC_WARN_ABOUT_RETURN_TYPE = YES_ERROR;
				GCC_WARN_UNDECLARED_SELECTOR = YES;
				GCC_WARN_UNINITIALIZED_AUTOS = YES_AGGRESSIVE;
				GCC_WARN_UNUSED_FUNCTION = YES;
				GCC_WARN_UNUSED_VARIABLE = YES;
				IPHONEOS_DEPLOYMENT_TARGET = 16.0;
				LOCALIZATION_PREFERS_STRING_CATALOGS = YES;
				MTL_ENABLE_DEBUG_INFO = NO;
				MTL_FAST_MATH = YES;
				SDKROOT = iphoneos;
				SWIFT_COMPILATION_MODE = wholemodule;
				VALIDATE_PRODUCT = YES;
			};
			name = Release;
		};
		18F805931EBC01 /* Debug */ = {
			isa = XCBuildConfiguration;
			buildSettings = {
				ASSETCATALOG_COMPILER_APPICON_NAME = AppIcon;
				ASSETCATALOG_COMPILER_GLOBAL_ACCENT_COLOR_NAME = AccentColor;
				CODE_SIGN_STYLE = Automatic;
				CURRENT_PROJECT_VERSION = 1;
				DEVELOPMENT_TEAM = "";
				ENABLE_PREVIEWS = YES;
				GENERATE_INFOPLIST_FILE = YES;
				INFOPLIST_KEY_CFBundleDisplayName = "Space Mining Empire";
				INFOPLIST_KEY_UIApplicationSceneManifest_Generation = YES;
				INFOPLIST_KEY_UIApplicationSupportsIndirectInputEvents = YES;
				INFOPLIST_KEY_UILaunchScreen_Generation = YES;
				INFOPLIST_KEY_UISupportedInterfaceOrientations = "UIInterfaceOrientationPortrait UIInterfaceOrientationLandscapeLeft UIInterfaceOrientationLandscapeRight";
				INFOPLIST_KEY_UISupportedInterfaceOrientations_iPad = "UIInterfaceOrientationPortrait UIInterfaceOrientationPortraitUpsideDown UIInterfaceOrientationLandscapeLeft UIInterfaceOrientationLandscapeRight";
				IPHONEOS_DEPLOYMENT_TARGET = 16.0;
				LD_RUNPATH_SEARCH_PATHS = (
					"$(inherited)",
					"@executable_path/Frameworks",
				);
				MARKETING_VERSION = 1.0;
				PRODUCT_BUNDLE_IDENTIFIER = com.spacemining.empire;
				PRODUCT_NAME = "$(TARGET_NAME)";
				SWIFT_EMIT_LOC_STRINGS = YES;
				SWIFT_VERSION = 5.0;
				TARGETED_DEVICE_FAMILY = "1,2";
			};
			name = Debug;
		};
		18F805931EBC02 /* Release */ = {
			isa = XCBuildConfiguration;
			buildSettings = {
				ASSETCATALOG_COMPILER_APPICON_NAME = AppIcon;
				ASSETCATALOG_COMPILER_GLOBAL_ACCENT_COLOR_NAME = AccentColor;
				CODE_SIGN_STYLE = Automatic;
				CURRENT_PROJECT_VERSION = 1;
				DEVELOPMENT_TEAM = "";
				ENABLE_PREVIEWS = YES;
				GENERATE_INFOPLIST_FILE = YES;
				INFOPLIST_KEY_CFBundleDisplayName = "Space Mining Empire";
				INFOPLIST_KEY_UIApplicationSceneManifest_Generation = YES;
				INFOPLIST_KEY_UIApplicationSupportsIndirectInputEvents = YES;
				INFOPLIST_KEY_UILaunchScreen_Generation = YES;
				INFOPLIST_KEY_UISupportedInterfaceOrientations = "UIInterfaceOrientationPortrait UIInterfaceOrientationLandscapeLeft UIInterfaceOrientationLandscapeRight";
				INFOPLIST_KEY_UISupportedInterfaceOrientations_iPad = "UIInterfaceOrientationPortrait UIInterfaceOrientationPortraitUpsideDown UIInterfaceOrientationLandscapeLeft UIInterfaceOrientationLandscapeRight";
				IPHONEOS_DEPLOYMENT_TARGET = 16.0;
				LD_RUNPATH_SEARCH_PATHS = (
					"$(inherited)",
					"@executable_path/Frameworks",
				);
				MARKETING_VERSION = 1.0;
				PRODUCT_BUNDLE_IDENTIFIER = com.spacemining.empire;
				PRODUCT_NAME = "$(TARGET_NAME)";
				SWIFT_EMIT_LOC_STRINGS = YES;
				SWIFT_VERSION = 5.0;
				TARGETED_DEVICE_FAMILY = "1,2";
			};
			name = Release;
		};
/* End XCBuildConfiguration section */

/* Begin XCConfigurationList section */
		1A23B94C4BDD /* Build configuration list for PBXProject "SpaceMiningEmpire" */ = {
			isa = XCConfigurationList;
			buildConfigurations = (
				C27FBB9B4CE2 /* Debug */,
				71E9A44F976F /* Release */,
			);
			defaultConfigurationIsVisible = 0;
			defaultConfigurationName = Release;
		};
		18F805931EBC /* Build configuration list for PBXNativeTarget "SpaceMiningEmpire" */ = {
			isa = XCConfigurationList;
			buildConfigurations = (
				18F805931EBC01 /* Debug */,
				18F805931EBC02 /* Release */,
			);
			defaultConfigurationIsVisible = 0;
			defaultConfigurationName = Release;
		};
/* End XCConfigurationList section */
	};
	rootObject = 40E8E2C43F93 /* Project object */;
}
